// !$*UTF8*$!
{
	archiveVersion = 1;
	classes = {
	};
	objectVersion = 56;
	objects = {

/* Begin PBXBuildFile section */
		F01E40B32BDFAC1F00DDB739 /* ArtVerse2App.swift in Sources */ = {isa = PBXBuildFile; fileRef = F01E40B22BDFAC1F00DDB739 /* ArtVerse2App.swift */; };
		F01E40B52BDFAC1F00DDB739 /* ContentView.swift in Sources */ = {isa = PBXBuildFile; fileRef = F01E40B42BDFAC1F00DDB739 /* ContentView.swift */; };
		F01E40B72BDFAC2100DDB739 /* Assets.xcassets in Resources */ = {isa = PBXBuildFile; fileRef = F01E40B62BDFAC2100DDB739 /* Assets.xcassets */; };
		F01E40BA2BDFAC2100DDB739 /* Preview Assets.xcassets in Resources */ = {isa = PBXBuildFile; fileRef = F01E40B92BDFAC2100DDB739 /* Preview Assets.xcassets */; };
		F01E40C42BDFAC2100DDB739 /* ArtVerse2Tests.swift in Sources */ = {isa = PBXBuildFile; fileRef = F01E40C32BDFAC2100DDB739 /* ArtVerse2Tests.swift */; };
		F01E40CE2BDFAC2100DDB739 /* ArtVerse2UITests.swift in Sources */ = {isa = PBXBuildFile; fileRef = F01E40CD2BDFAC2100DDB739 /* ArtVerse2UITests.swift */; };
		F01E40D02BDFAC2100DDB739 /* ArtVerse2UITestsLaunchTests.swift in Sources */ = {isa = PBXBuildFile; fileRef = F01E40CF2BDFAC2100DDB739 /* ArtVerse2UITestsLaunchTests.swift */; };
/* End PBXBuildFile section */

/* Begin PBXContainerItemProxy section */
		F01E40C02BDFAC2100DDB739 /* PBXContainerItemProxy */ = {
			isa = PBXContainerItemProxy;
			containerPortal = F01E40A72BDFAC1F00DDB739 /* Project object */;
			proxyType = 1;
			remoteGlobalIDString = F01E40AE2BDFAC1F00DDB739;
			remoteInfo = ArtVerse2;
		};
		F01E40CA2BDFAC2100DDB739 /* PBXContainerItemProxy */ = {
			isa = PBXContainerItemProxy;
			containerPortal = F01E40A72BDFAC1F00DDB739 /* Project object */;
			proxyType = 1;
			remoteGlobalIDString = F01E40AE2BDFAC1F00DDB739;
			remoteInfo = ArtVerse2;
		};
/* End PBXContainerItemProxy section */

/* Begin PBXFileReference section */
		F01E40AF2BDFAC1F00DDB739 /* ArtVerse2.app */ = {isa = PBXFileReference; explicitFileType = wrapper.application; includeInIndex = 0; path = ArtVerse2.app; sourceTree = BUILT_PRODUCTS_DIR; };
		F01E40B22BDFAC1F00DDB739 /* ArtVerse2App.swift */ = {isa = PBXFileReference; lastKnownFileType = sourcecode.swift; path = ArtVerse2App.swift; sourceTree = "<group>"; };
		F01E40B42BDFAC1F00DDB739 /* ContentView.swift */ = {isa = PBXFileReference; lastKnownFileType = sourcecode.swift; path = ContentView.swift; sourceTree = "<group>"; };
		F01E40B62BDFAC2100DDB739 /* Assets.xcassets */ = {isa = PBXFileReference; lastKnownFileType = folder.assetcatalog; path = Assets.xcassets; sourceTree = "<group>"; };
		F01E40B92BDFAC2100DDB739 /* Preview Assets.xcassets */ = {isa = PBXFileReference; lastKnownFileType = folder.assetcatalog; path = "Preview Assets.xcassets"; sourceTree = "<group>"; };
		F01E40BF2BDFAC2100DDB739 /* ArtVerse2Tests.xctest */ = {isa = PBXFileReference; explicitFileType = wrapper.cfbundle; includeInIndex = 0; path = ArtVerse2Tests.xctest; sourceTree = BUILT_PRODUCTS_DIR; };
		F01E40C32BDFAC2100DDB739 /* ArtVerse2Tests.swift */ = {isa = PBXFileReference; lastKnownFileType = sourcecode.swift; path = ArtVerse2Tests.swift; sourceTree = "<group>"; };
		F01E40C92BDFAC2100DDB739 /* ArtVerse2UITests.xctest */ = {isa = PBXFileReference; explicitFileType = wrapper.cfbundle; includeInIndex = 0; path = ArtVerse2UITests.xctest; sourceTree = BUILT_PRODUCTS_DIR; };
		F01E40CD2BDFAC2100DDB739 /* ArtVerse2UITests.swift */ = {isa = PBXFileReference; lastKnownFileType = sourcecode.swift; path = ArtVerse2UITests.swift; sourceTree = "<group>"; };
		F01E40CF2BDFAC2100DDB739 /* ArtVerse2UITestsLaunchTests.swift */ = {isa = PBXFileReference; lastKnownFileType = sourcecode.swift; path = ArtVerse2UITestsLaunchTests.swift; sourceTree = "<group>"; };
/* End PBXFileReference section */

/* Begin PBXFrameworksBuildPhase section */
		F01E40AC2BDFAC1F00DDB739 /* Frameworks */ = {
			isa = PBXFrameworksBuildPhase;
			buildActionMask = 2147483647;
			files = (
			);
			runOnlyForDeploymentPostprocessing = 0;
		};
		F01E40BC2BDFAC2100DDB739 /* Frameworks */ = {
			isa = PBXFrameworksBuildPhase;
			buildActionMask = 2147483647;
			files = (
			);
			runOnlyForDeploymentPostprocessing = 0;
		};
		F01E40C62BDFAC2100DDB739 /* Frameworks */ = {
			isa = PBXFrameworksBuildPhase;
			buildActionMask = 2147483647;
			files = (
			);
			runOnlyForDeploymentPostprocessing = 0;
		};
/* End PBXFrameworksBuildPhase section */

/* Begin PBXGroup section */
		F01E40A62BDFAC1F00DDB739 = {
			isa = PBXGroup;
			children = (
				F01E40B12BDFAC1F00DDB739 /* ArtVerse2 */,
				F01E40C22BDFAC2100DDB739 /* ArtVerse2Tests */,
				F01E40CC2BDFAC2100DDB739 /* ArtVerse2UITests */,
				F01E40B02BDFAC1F00DDB739 /* Products */,
			);
			sourceTree = "<group>";
		};
		F01E40B02BDFAC1F00DDB739 /* Products */ = {
			isa = PBXGroup;
			children = (
				F01E40AF2BDFAC1F00DDB739 /* ArtVerse2.app */,
				F01E40BF2BDFAC2100DDB739 /* ArtVerse2Tests.xctest */,
				F01E40C92BDFAC2100DDB739 /* ArtVerse2UITests.xctest */,
			);
			name = Products;
			sourceTree = "<group>";
		};
		F01E40B12BDFAC1F00DDB739 /* ArtVerse2 */ = {
			isa = PBXGroup;
			children = (
				F01E40B22BDFAC1F00DDB739 /* ArtVerse2App.swift */,
				F01E40B42BDFAC1F00DDB739 /* ContentView.swift */,
				F01E40B62BDFAC2100DDB739 /* Assets.xcassets */,
				F01E40B82BDFAC2100DDB739 /* Preview Content */,
			);
			path = ArtVerse2;
			sourceTree = "<group>";
		};
		F01E40B82BDFAC2100DDB739 /* Preview Content */ = {
			isa = PBXGroup;
			children = (
				F01E40B92BDFAC2100DDB739 /* Preview Assets.xcassets */,
			);
			path = "Preview Content";
			sourceTree = "<group>";
		};
		F01E40C22BDFAC2100DDB739 /* ArtVerse2Tests */ = {
			isa = PBXGroup;
			children = (
				F01E40C32BDFAC2100DDB739 /* ArtVerse2Tests.swift */,
			);
			path = ArtVerse2Tests;
			sourceTree = "<group>";
		};
		F01E40CC2BDFAC2100DDB739 /* ArtVerse2UITests */ = {
			isa = PBXGroup;
			children = (
				F01E40CD2BDFAC2100DDB739 /* ArtVerse2UITests.swift */,
				F01E40CF2BDFAC2100DDB739 /* ArtVerse2UITestsLaunchTests.swift */,
			);
			path = ArtVerse2UITests;
			sourceTree = "<group>";
		};
/* End PBXGroup section */

/* Begin PBXNativeTarget section */
		F01E40AE2BDFAC1F00DDB739 /* ArtVerse2 */ = {
			isa = PBXNativeTarget;
			buildConfigurationList = F01E40D32BDFAC2100DDB739 /* Build configuration list for PBXNativeTarget "ArtVerse2" */;
			buildPhases = (
				F01E40AB2BDFAC1F00DDB739 /* Sources */,
				F01E40AC2BDFAC1F00DDB739 /* Frameworks */,
				F01E40AD2BDFAC1F00DDB739 /* Resources */,
			);
			buildRules = (
			);
			dependencies = (
			);
			name = ArtVerse2;
			productName = ArtVerse2;
			productReference = F01E40AF2BDFAC1F00DDB739 /* ArtVerse2.app */;
			productType = "com.apple.product-type.application";
		};
		F01E40BE2BDFAC2100DDB739 /* ArtVerse2Tests */ = {
			isa = PBXNativeTarget;
			buildConfigurationList = F01E40D62BDFAC2100DDB739 /* Build configuration list for PBXNativeTarget "ArtVerse2Tests" */;
			buildPhases = (
				F01E40BB2BDFAC2100DDB739 /* Sources */,
				F01E40BC2BDFAC2100DDB739 /* Frameworks */,
				F01E40BD2BDFAC2100DDB739 /* Resources */,
			);
			buildRules = (
			);
			dependencies = (
				F01E40C12BDFAC2100DDB739 /* PBXTargetDependency */,
			);
			name = ArtVerse2Tests;
			productName = ArtVerse2Tests;
			productReference = F01E40BF2BDFAC2100DDB739 /* ArtVerse2Tests.xctest */;
			productType = "com.apple.product-type.bundle.unit-test";
		};
		F01E40C82BDFAC2100DDB739 /* ArtVerse2UITests */ = {
			isa = PBXNativeTarget;
			buildConfigurationList = F01E40D92BDFAC2100DDB739 /* Build configuration list for PBXNativeTarget "ArtVerse2UITests" */;
			buildPhases = (
				F01E40C52BDFAC2100DDB739 /* Sources */,
				F01E40C62BDFAC2100DDB739 /* Frameworks */,
				F01E40C72BDFAC2100DDB739 /* Resources */,
			);
			buildRules = (
			);
			dependencies = (
				F01E40CB2BDFAC2100DDB739 /* PBXTargetDependency */,
			);
			name = ArtVerse2UITests;
			productName = ArtVerse2UITests;
			productReference = F01E40C92BDFAC2100DDB739 /* ArtVerse2UITests.xctest */;
			productType = "com.apple.product-type.bundle.ui-testing";
		};
/* End PBXNativeTarget section */

/* Begin PBXProject section */
		F01E40A72BDFAC1F00DDB739 /* Project object */ = {
			isa = PBXProject;
			attributes = {
				BuildIndependentTargetsInParallel = 1;
				LastSwiftUpdateCheck = 1520;
				LastUpgradeCheck = 1520;
				TargetAttributes = {
					F01E40AE2BDFAC1F00DDB739 = {
						CreatedOnToolsVersion = 15.2;
					};
					F01E40BE2BDFAC2100DDB739 = {
						CreatedOnToolsVersion = 15.2;
						TestTargetID = F01E40AE2BDFAC1F00DDB739;
					};
					F01E40C82BDFAC2100DDB739 = {
						CreatedOnToolsVersion = 15.2;
						TestTargetID = F01E40AE2BDFAC1F00DDB739;
					};
				};
			};
			buildConfigurationList = F01E40AA2BDFAC1F00DDB739 /* Build configuration list for PBXProject "ArtVerse2" */;
			compatibilityVersion = "Xcode 14.0";
			developmentRegion = en;
			hasScannedForEncodings = 0;
			knownRegions = (
				en,
				Base,
			);
			mainGroup = F01E40A62BDFAC1F00DDB739;
			productRefGroup = F01E40B02BDFAC1F00DDB739 /* Products */;
			projectDirPath = "";
			projectRoot = "";
			targets = (
				F01E40AE2BDFAC1F00DDB739 /* ArtVerse2 */,
				F01E40BE2BDFAC2100DDB739 /* ArtVerse2Tests */,
				F01E40C82BDFAC2100DDB739 /* ArtVerse2UITests */,
			);
		};
/* End PBXProject section */

/* Begin PBXResourcesBuildPhase section */
		F01E40AD2BDFAC1F00DDB739 /* Resources */ = {
			isa = PBXResourcesBuildPhase;
			buildActionMask = 2147483647;
			files = (
				F01E40BA2BDFAC2100DDB739 /* Preview Assets.xcassets in Resources */,
				F01E40B72BDFAC2100DDB739 /* Assets.xcassets in Resources */,
			);
			runOnlyForDeploymentPostprocessing = 0;
		};
		F01E40BD2BDFAC2100DDB739 /* Resources */ = {
			isa = PBXResourcesBuildPhase;
			buildActionMask = 2147483647;
			files = (
			);
			runOnlyForDeploymentPostprocessing = 0;
		};
		F01E40C72BDFAC2100DDB739 /* Resources */ = {
			isa = PBXResourcesBuildPhase;
			buildActionMask = 2147483647;
			files = (
			);
			runOnlyForDeploymentPostprocessing = 0;
		};
/* End PBXResourcesBuildPhase section */

/* Begin PBXSourcesBuildPhase section */
		F01E40AB2BDFAC1F00DDB739 /* Sources */ = {
			isa = PBXSourcesBuildPhase;
			buildActionMask = 2147483647;
			files = (
				F01E40B52BDFAC1F00DDB739 /* ContentView.swift in Sources */,
				F01E40B32BDFAC1F00DDB739 /* ArtVerse2App.swift in Sources */,
			);
			runOnlyForDeploymentPostprocessing = 0;
		};
		F01E40BB2BDFAC2100DDB739 /* Sources */ = {
			isa = PBXSourcesBuildPhase;
			buildActionMask = 2147483647;
			files = (
				F01E40C42BDFAC2100DDB739 /* ArtVerse2Tests.swift in Sources */,
			);
			runOnlyForDeploymentPostprocessing = 0;
		};
		F01E40C52BDFAC2100DDB739 /* Sources */ = {
			isa = PBXSourcesBuildPhase;
			buildActionMask = 2147483647;
			files = (
				F01E40CE2BDFAC2100DDB739 /* ArtVerse2UITests.swift in Sources */,
				F01E40D02BDFAC2100DDB739 /* ArtVerse2UITestsLaunchTests.swift in Sources */,
			);
			runOnlyForDeploymentPostprocessing = 0;
		};
/* End PBXSourcesBuildPhase section */

/* Begin PBXTargetDependency section */
		F01E40C12BDFAC2100DDB739 /* PBXTargetDependency */ = {
			isa = PBXTargetDependency;
			target = F01E40AE2BDFAC1F00DDB739 /* ArtVerse2 */;
			targetProxy = F01E40C02BDFAC2100DDB739 /* PBXContainerItemProxy */;
		};
		F01E40CB2BDFAC2100DDB739 /* PBXTargetDependency */ = {
			isa = PBXTargetDependency;
			target = F01E40AE2BDFAC1F00DDB739 /* ArtVerse2 */;
			targetProxy = F01E40CA2BDFAC2100DDB739 /* PBXContainerItemProxy */;
		};
/* End PBXTargetDependency section */

/* Begin XCBuildConfiguration section */
		F01E40D12BDFAC2100DDB739 /* Debug */ = {
			isa = XCBuildConfiguration;
			buildSettings = {
				ALWAYS_SEARCH_USER_PATHS = NO;
				ASSETCATALOG_COMPILER_GENERATE_SWIFT_ASSET_SYMBOL_EXTENSIONS = YES;
				CLANG_ANALYZER_NONNULL = YES;
				CLANG_ANALYZER_NUMBER_OBJECT_CONVERSION = YES_AGGRESSIVE;
				CLANG_CXX_LANGUAGE_STANDARD = "gnu++20";
				CLANG_ENABLE_MODULES = YES;
				CLANG_ENABLE_OBJC_ARC = YES;
				CLANG_ENABLE_OBJC_WEAK = YES;
				CLANG_WARN_BLOCK_CAPTURE_AUTORELEASING = YES;
				CLANG_WARN_BOOL_CONVERSION = YES;
				CLANG_WARN_COMMA = YES;
				CLANG_WARN_CONSTANT_CONVERSION = YES;
				CLANG_WARN_DEPRECATED_OBJC_IMPLEMENTATIONS = YES;
				CLANG_WARN_DIRECT_OBJC_ISA_USAGE = YES_ERROR;
				CLANG_WARN_DOCUMENTATION_COMMENTS = YES;
				CLANG_WARN_EMPTY_BODY = YES;
				CLANG_WARN_ENUM_CONVERSION = YES;
				CLANG_WARN_INFINITE_RECURSION = YES;
				CLANG_WARN_INT_CONVERSION = YES;
				CLANG_WARN_NON_LITERAL_NULL_CONVERSION = YES;
				CLANG_WARN_OBJC_IMPLICIT_RETAIN_SELF = YES;
				CLANG_WARN_OBJC_LITERAL_CONVERSION = YES;
				CLANG_WARN_OBJC_ROOT_CLASS = YES_ERROR;
				CLANG_WARN_QUOTED_INCLUDE_IN_FRAMEWORK_HEADER = YES;
				CLANG_WARN_RANGE_LOOP_ANALYSIS = YES;
				CLANG_WARN_STRICT_PROTOTYPES = YES;
				CLANG_WARN_SUSPICIOUS_MOVE = YES;
				CLANG_WARN_UNGUARDED_AVAILABILITY = YES_AGGRESSIVE;
				CLANG_WARN_UNREACHABLE_CODE = YES;
				CLANG_WARN__DUPLICATE_METHOD_MATCH = YES;
				COPY_PHASE_STRIP = NO;
				DEBUG_INFORMATION_FORMAT = dwarf;
				ENABLE_STRICT_OBJC_MSGSEND = YES;
				ENABLE_TESTABILITY = YES;
				ENABLE_USER_SCRIPT_SANDBOXING = YES;
				GCC_C_LANGUAGE_STANDARD = gnu17;
				GCC_DYNAMIC_NO_PIC = NO;
				GCC_NO_COMMON_BLOCKS = YES;
				GCC_OPTIMIZATION_LEVEL = 0;
				GCC_PREPROCESSOR_DEFINITIONS = (
					"DEBUG=1",
					"$(inherited)",
				);
				GCC_WARN_64_TO_32_BIT_CONVERSION = YES;
				GCC_WARN_ABOUT_RETURN_TYPE = YES_ERROR;
				GCC_WARN_UNDECLARED_SELECTOR = YES;
				GCC_WARN_UNINITIALIZED_AUTOS = YES_AGGRESSIVE;
				GCC_WARN_UNUSED_FUNCTION = YES;
				GCC_WARN_UNUSED_VARIABLE = YES;
				IPHONEOS_DEPLOYMENT_TARGET = 17.2;
				LOCALIZATION_PREFERS_STRING_CATALOGS = YES;
				MTL_ENABLE_DEBUG_INFO = INCLUDE_SOURCE;
				MTL_FAST_MATH = YES;
				ONLY_ACTIVE_ARCH = YES;
				SDKROOT = iphoneos;
				SWIFT_ACTIVE_COMPILATION_CONDITIONS = "DEBUG $(inherited)";
				SWIFT_OPTIMIZATION_LEVEL = "-Onone";
			};
			name = Debug;
		};
		F01E40D22BDFAC2100DDB739 /* Release */ = {
			isa = XCBuildConfiguration;
			buildSettings = {
				ALWAYS_SEARCH_USER_PATHS = NO;
				ASSETCATALOG_COMPILER_GENERATE_SWIFT_ASSET_SYMBOL_EXTENSIONS = YES;
				CLANG_ANALYZER_NONNULL = YES;
				CLANG_ANALYZER_NUMBER_OBJECT_CONVERSION = YES_AGGRESSIVE;
				CLANG_CXX_LANGUAGE_STANDARD = "gnu++20";
				CLANG_ENABLE_MODULES = YES;
				CLANG_ENABLE_OBJC_ARC = YES;
				CLANG_ENABLE_OBJC_WEAK = YES;
				CLANG_WARN_BLOCK_CAPTURE_AUTORELEASING = YES;
				CLANG_WARN_BOOL_CONVERSION = YES;
				CLANG_WARN_COMMA = YES;
				CLANG_WARN_CONSTANT_CONVERSION = YES;
				CLANG_WARN_DEPRECATED_OBJC_IMPLEMENTATIONS = YES;
				CLANG_WARN_DIRECT_OBJC_ISA_USAGE = YES_ERROR;
				CLANG_WARN_DOCUMENTATION_COMMENTS = YES;
				CLANG_WARN_EMPTY_BODY = YES;
				CLANG_WARN_ENUM_CONVERSION = YES;
				CLANG_WARN_INFINITE_RECURSION = YES;
				CLANG_WARN_INT_CONVERSION = YES;
				CLANG_WARN_NON_LITERAL_NULL_CONVERSION = YES;
				CLANG_WARN_OBJC_IMPLICIT_RETAIN_SELF = YES;
				CLANG_WARN_OBJC_LITERAL_CONVERSION = YES;
				CLANG_WARN_OBJC_ROOT_CLASS = YES_ERROR;
				CLANG_WARN_QUOTED_INCLUDE_IN_FRAMEWORK_HEADER = YES;
				CLANG_WARN_RANGE_LOOP_ANALYSIS = YES;
				CLANG_WARN_STRICT_PROTOTYPES = YES;
				CLANG_WARN_SUSPICIOUS_MOVE = YES;
				CLANG_WARN_UNGUARDED_AVAILABILITY = YES_AGGRESSIVE;
				CLANG_WARN_UNREACHABLE_CODE = YES;
				CLANG_WARN__DUPLICATE_METHOD_MATCH = YES;
				COPY_PHASE_STRIP = NO;
				DEBUG_INFORMATION_FORMAT = "dwarf-with-dsym";
				ENABLE_NS_ASSERTIONS = NO;
				ENABLE_STRICT_OBJC_MSGSEND = YES;
				ENABLE_USER_SCRIPT_SANDBOXING = YES;
				GCC_C_LANGUAGE_STANDARD = gnu17;
				GCC_NO_COMMON_BLOCKS = YES;
				GCC_WARN_64_TO_32_BIT_CONVERSION = YES;
				GCC_WARN_ABOUT_RETURN_TYPE = YES_ERROR;
				GCC_WARN_UNDECLARED_SELECTOR = YES;
				GCC_WARN_UNINITIALIZED_AUTOS = YES_AGGRESSIVE;
				GCC_WARN_UNUSED_FUNCTION = YES;
				GCC_WARN_UNUSED_VARIABLE = YES;
				IPHONEOS_DEPLOYMENT_TARGET = 17.2;
				LOCALIZATION_PREFERS_STRING_CATALOGS = YES;
				MTL_ENABLE_DEBUG_INFO = NO;
				MTL_FAST_MATH = YES;
				SDKROOT = iphoneos;
				SWIFT_COMPILATION_MODE = wholemodule;
				VALIDATE_PRODUCT = YES;
			};
			name = Release;
		};
		F01E40D42BDFAC2100DDB739 /* Debug */ = {
			isa = XCBuildConfiguration;
			buildSettings = {
				ASSETCATALOG_COMPILER_APPICON_NAME = AppIcon;
				ASSETCATALOG_COMPILER_GLOBAL_ACCENT_COLOR_NAME = AccentColor;
				CODE_SIGN_STYLE = Automatic;
				CURRENT_PROJECT_VERSION = 1;
				DEVELOPMENT_ASSET_PATHS = "\"ArtVerse2/Preview Content\"";
				DEVELOPMENT_TEAM = 4N3DCPV6JZ;
				ENABLE_PREVIEWS = YES;
				GENERATE_INFOPLIST_FILE = YES;
				INFOPLIST_KEY_UIApplicationSceneManifest_Generation = YES;
				INFOPLIST_KEY_UIApplicationSupportsIndirectInputEvents = YES;
				INFOPLIST_KEY_UILaunchScreen_Generation = YES;
				INFOPLIST_KEY_UISupportedInterfaceOrientations_iPad = "UIInterfaceOrientationPortrait UIInterfaceOrientationPortraitUpsideDown UIInterfaceOrientationLandscapeLeft UIInterfaceOrientationLandscapeRight";
				INFOPLIST_KEY_UISupportedInterfaceOrientations_iPhone = "UIInterfaceOrientationPortrait UIInterfaceOrientationLandscapeLeft UIInterfaceOrientationLandscapeRight";
				LD_RUNPATH_SEARCH_PATHS = (
					"$(inherited)",
					"@executable_path/Frameworks",
				);
				MARKETING_VERSION = 1.0;
				PRODUCT_BUNDLE_IDENTIFIER = msu.ArtVerse2;
				PRODUCT_NAME = "$(TARGET_NAME)";
				SWIFT_EMIT_LOC_STRINGS = YES;
				SWIFT_VERSION = 5.0;
				TARGETED_DEVICE_FAMILY = "1,2";
			};
			name = Debug;
		};
		F01E40D52BDFAC2100DDB739 /* Release */ = {
			isa = XCBuildConfiguration;
			buildSettings = {
				ASSETCATALOG_COMPILER_APPICON_NAME = AppIcon;
				ASSETCATALOG_COMPILER_GLOBAL_ACCENT_COLOR_NAME = AccentColor;
				CODE_SIGN_STYLE = Automatic;
				CURRENT_PROJECT_VERSION = 1;
				DEVELOPMENT_ASSET_PATHS = "\"ArtVerse2/Preview Content\"";
				DEVELOPMENT_TEAM = 4N3DCPV6JZ;
				ENABLE_PREVIEWS = YES;
				GENERATE_INFOPLIST_FILE = YES;
				INFOPLIST_KEY_UIApplicationSceneManifest_Generation = YES;
				INFOPLIST_KEY_UIApplicationSupportsIndirectInputEvents = YES;
				INFOPLIST_KEY_UILaunchScreen_Generation = YES;
				INFOPLIST_KEY_UISupportedInterfaceOrientations_iPad = "UIInterfaceOrientationPortrait UIInterfaceOrientationPortraitUpsideDown UIInterfaceOrientationLandscapeLeft UIInterfaceOrientationLandscapeRight";
				INFOPLIST_KEY_UISupportedInterfaceOrientations_iPhone = "UIInterfaceOrientationPortrait UIInterfaceOrientationLandscapeLeft UIInterfaceOrientationLandscapeRight";
				LD_RUNPATH_SEARCH_PATHS = (
					"$(inherited)",
					"@executable_path/Frameworks",
				);
				MARKETING_VERSION = 1.0;
				PRODUCT_BUNDLE_IDENTIFIER = msu.ArtVerse2;
				PRODUCT_NAME = "$(TARGET_NAME)";
				SWIFT_EMIT_LOC_STRINGS = YES;
				SWIFT_VERSION = 5.0;
				TARGETED_DEVICE_FAMILY = "1,2";
			};
			name = Release;
		};
		F01E40D72BDFAC2100DDB739 /* Debug */ = {
			isa = XCBuildConfiguration;
			buildSettings = {
				ALWAYS_EMBED_SWIFT_STANDARD_LIBRARIES = YES;
				BUNDLE_LOADER = "$(TEST_HOST)";
				CODE_SIGN_STYLE = Automatic;
				CURRENT_PROJECT_VERSION = 1;
				DEVELOPMENT_TEAM = 4N3DCPV6JZ;
				GENERATE_INFOPLIST_FILE = YES;
				IPHONEOS_DEPLOYMENT_TARGET = 17.2;
				MARKETING_VERSION = 1.0;
				PRODUCT_BUNDLE_IDENTIFIER = msu.ArtVerse2Tests;
				PRODUCT_NAME = "$(TARGET_NAME)";
				SWIFT_EMIT_LOC_STRINGS = NO;
				SWIFT_VERSION = 5.0;
				TARGETED_DEVICE_FAMILY = "1,2";
				TEST_HOST = "$(BUILT_PRODUCTS_DIR)/ArtVerse2.app/$(BUNDLE_EXECUTABLE_FOLDER_PATH)/ArtVerse2";
			};
			name = Debug;
		};
		F01E40D82BDFAC2100DDB739 /* Release */ = {
			isa = XCBuildConfiguration;
			buildSettings = {
				ALWAYS_EMBED_SWIFT_STANDARD_LIBRARIES = YES;
				BUNDLE_LOADER = "$(TEST_HOST)";
				CODE_SIGN_STYLE = Automatic;
				CURRENT_PROJECT_VERSION = 1;
				DEVELOPMENT_TEAM = 4N3DCPV6JZ;
				GENERATE_INFOPLIST_FILE = YES;
				IPHONEOS_DEPLOYMENT_TARGET = 17.2;
				MARKETING_VERSION = 1.0;
				PRODUCT_BUNDLE_IDENTIFIER = msu.ArtVerse2Tests;
				PRODUCT_NAME = "$(TARGET_NAME)";
				SWIFT_EMIT_LOC_STRINGS = NO;
				SWIFT_VERSION = 5.0;
				TARGETED_DEVICE_FAMILY = "1,2";
				TEST_HOST = "$(BUILT_PRODUCTS_DIR)/ArtVerse2.app/$(BUNDLE_EXECUTABLE_FOLDER_PATH)/ArtVerse2";
			};
			name = Release;
		};
		F01E40DA2BDFAC2100DDB739 /* Debug */ = {
			isa = XCBuildConfiguration;
			buildSettings = {
				ALWAYS_EMBED_SWIFT_STANDARD_LIBRARIES = YES;
				CODE_SIGN_STYLE = Automatic;
				CURRENT_PROJECT_VERSION = 1;
				DEVELOPMENT_TEAM = 4N3DCPV6JZ;
				GENERATE_INFOPLIST_FILE = YES;
				MARKETING_VERSION = 1.0;
				PRODUCT_BUNDLE_IDENTIFIER = msu.ArtVerse2UITests;
				PRODUCT_NAME = "$(TARGET_NAME)";
				SWIFT_EMIT_LOC_STRINGS = NO;
				SWIFT_VERSION = 5.0;
				TARGETED_DEVICE_FAMILY = "1,2";
				TEST_TARGET_NAME = ArtVerse2;
			};
			name = Debug;
		};
		F01E40DB2BDFAC2100DDB739 /* Release */ = {
			isa = XCBuildConfiguration;
			buildSettings = {
				ALWAYS_EMBED_SWIFT_STANDARD_LIBRARIES = YES;
				CODE_SIGN_STYLE = Automatic;
				CURRENT_PROJECT_VERSION = 1;
				DEVELOPMENT_TEAM = 4N3DCPV6JZ;
				GENERATE_INFOPLIST_FILE = YES;
				MARKETING_VERSION = 1.0;
				PRODUCT_BUNDLE_IDENTIFIER = msu.ArtVerse2UITests;
				PRODUCT_NAME = "$(TARGET_NAME)";
				SWIFT_EMIT_LOC_STRINGS = NO;
				SWIFT_VERSION = 5.0;
				TARGETED_DEVICE_FAMILY = "1,2";
				TEST_TARGET_NAME = ArtVerse2;
			};
			name = Release;
		};
/* End XCBuildConfiguration section */

/* Begin XCConfigurationList section */
		F01E40AA2BDFAC1F00DDB739 /* Build configuration list for PBXProject "ArtVerse2" */ = {
			isa = XCConfigurationList;
			buildConfigurations = (
				F01E40D12BDFAC2100DDB739 /* Debug */,
				F01E40D22BDFAC2100DDB739 /* Release */,
			);
			defaultConfigurationIsVisible = 0;
			defaultConfigurationName = Release;
		};
		F01E40D32BDFAC2100DDB739 /* Build configuration list for PBXNativeTarget "ArtVerse2" */ = {
			isa = XCConfigurationList;
			buildConfigurations = (
				F01E40D42BDFAC2100DDB739 /* Debug */,
				F01E40D52BDFAC2100DDB739 /* Release */,
			);
			defaultConfigurationIsVisible = 0;
			defaultConfigurationName = Release;
		};
		F01E40D62BDFAC2100DDB739 /* Build configuration list for PBXNativeTarget "ArtVerse2Tests" */ = {
			isa = XCConfigurationList;
			buildConfigurations = (
				F01E40D72BDFAC2100DDB739 /* Debug */,
				F01E40D82BDFAC2100DDB739 /* Release */,
			);
			defaultConfigurationIsVisible = 0;
			defaultConfigurationName = Release;
		};
		F01E40D92BDFAC2100DDB739 /* Build configuration list for PBXNativeTarget "ArtVerse2UITests" */ = {
			isa = XCConfigurationList;
			buildConfigurations = (
				F01E40DA2BDFAC2100DDB739 /* Debug */,
				F01E40DB2BDFAC2100DDB739 /* Release */,
			);
			defaultConfigurationIsVisible = 0;
			defaultConfigurationName = Release;
		};
/* End XCConfigurationList section */
	};
	rootObject = F01E40A72BDFAC1F00DDB739 /* Project object */;
}
